
Microsoft Visual Studio Solution File, Format Version 12.00
# Visual Studio Version 17
VisualStudioVersion = 17.13.35931.197 d17.13
MinimumVisualStudioVersion = 10.0.40219.1
Project("{FAE04EC0-301F-11D3-BF4B-00C04F79EFBC}") = "Projekt", "Projekt\Projekt.csproj", "{CBC474D3-E7C1-40ED-8718-9DF91C639119}"
EndProject
Global
	GlobalSection(SolutionConfigurationPlatforms) = preSolution
		Debug|Any CPU = Debug|Any CPU
		Release|Any CPU = Release|Any CPU
	EndGlobalSection
	GlobalSection(ProjectConfigurationPlatforms) = postSolution
		{CBC474D3-E7C1-40ED-8718-9DF91C639119}.Debug|Any CPU.ActiveCfg = Debug|Any CPU
		{CBC474D3-E7C1-40ED-8718-9DF91C639119}.Debug|Any CPU.Build.0 = Debug|Any CPU
		{CBC474D3-E7C1-40ED-8718-9DF91C639119}.Release|Any CPU.ActiveCfg = Release|Any CPU
		{CBC474D3-E7C1-40ED-8718-9DF91C639119}.Release|Any CPU.Build.0 = Release|Any CPU
	EndGlobalSection
	GlobalSection(SolutionProperties) = preSolution
		HideSolutionNode = FALSE
	EndGlobalSection
	GlobalSection(ExtensibilityGlobals) = postSolution
		SolutionGuid = {5C386FB2-58A9-4E6B-8DAE-B1BCF93560E3}
	EndGlobalSection
EndGlobal
